It looks like you've shared a list of Python package dependencies (likely from a `pyproject.toml` or `poetry.lock` file). Could you clarify what you're trying to achieve? Here are some possibilities:

1. **Installation Help**  
   Are you trying to install these packages? If so, would you like help generating a `requirements.txt` file or `setup.py` configuration?

2. **Dependency Resolution**  
   Are you encountering conflicts between these packages or their dependencies? For example, `typing-extensions` is a dependency for `typing-inspection`.

3. **Version Compatibility**  
   Are you checking if these versions are compatible with each other or with a specific Python version?

4. **Security/Vulnerability Check**  
   Would you like to check if any of these packages have known vulnerabilities (e.g., using `safety` or `dependabot`)?

5. **Other Questions**  
   Do you have a different use case in mind (e.g., migrating dependencies, optimizing performance, etc.)?

Let me know your goal, and I'll tailor the response!